// !$*UTF8*$!
{
	archiveVersion = 1;
	classes = {
	};
	objectVersion = 46;
	objects = {

/* Begin PBXBuildFile section */
		0302D22C19A6452E006BA95C /* LoginViewController.m in Sources */ = {isa = PBXBuildFile; fileRef = 0302D22B19A6452E006BA95C /* LoginViewController.m */; };
		033AFC0919A675DC00212011 /* ProductListViewController.m in Sources */ = {isa = PBXBuildFile; fileRef = 033AFC0819A675DC00212011 /* ProductListViewController.m */; };
		033AFC0C19A8185800212011 /* BopplProductModifier.m in Sources */ = {isa = PBXBuildFile; fileRef = 033AFC0B19A8185800212011 /* BopplProductModifier.m */; };
		033AFC0F19A8187800212011 /* BopplProductModifierCategory.m in Sources */ = {isa = PBXBuildFile; fileRef = 033AFC0E19A8187800212011 /* BopplProductModifierCategory.m */; };
		033AFC1219A818B300212011 /* BopplProduct.m in Sources */ = {isa = PBXBuildFile; fileRef = 033AFC1119A818B300212011 /* BopplProduct.m */; };
		033AFC1519A818C400212011 /* BopplProductCategory.m in Sources */ = {isa = PBXBuildFile; fileRef = 033AFC1419A818C400212011 /* BopplProductCategory.m */; };
		033AFC1819A818D100212011 /* BopplProductGroup.m in Sources */ = {isa = PBXBuildFile; fileRef = 033AFC1719A818D100212011 /* BopplProductGroup.m */; };
		033AFC1C19A8AB0300212011 /* WebImageDownloader.m in Sources */ = {isa = PBXBuildFile; fileRef = 033AFC1B19A8AB0300212011 /* WebImageDownloader.m */; };
		033AFC1E19A8AB1F00212011 /* WebImageDownloaderTest.m in Sources */ = {isa = PBXBuildFile; fileRef = 033AFC1D19A8AB1F00212011 /* WebImageDownloaderTest.m */; };
		033AFC2519A9611700212011 /* BopplProductViewCell.m in Sources */ = {isa = PBXBuildFile; fileRef = 033AFC2419A9611700212011 /* BopplProductViewCell.m */; };
		03EB808419A977F70054B9EA /* BopplProductCategoryHeaderView.m in Sources */ = {isa = PBXBuildFile; fileRef = 03EB808319A977F70054B9EA /* BopplProductCategoryHeaderView.m */; };
		03FBA2DE19A4F8100014DE22 /* Foundation.framework in Frameworks */ = {isa = PBXBuildFile; fileRef = 03FBA2DD19A4F8100014DE22 /* Foundation.framework */; };
		03FBA2E019A4F8100014DE22 /* CoreGraphics.framework in Frameworks */ = {isa = PBXBuildFile; fileRef = 03FBA2DF19A4F8100014DE22 /* CoreGraphics.framework */; };
		03FBA2E219A4F8100014DE22 /* UIKit.framework in Frameworks */ = {isa = PBXBuildFile; fileRef = 03FBA2E119A4F8100014DE22 /* UIKit.framework */; };
		03FBA2E819A4F8110014DE22 /* InfoPlist.strings in Resources */ = {isa = PBXBuildFile; fileRef = 03FBA2E619A4F8110014DE22 /* InfoPlist.strings */; };
		03FBA2EA19A4F8110014DE22 /* main.m in Sources */ = {isa = PBXBuildFile; fileRef = 03FBA2E919A4F8110014DE22 /* main.m */; };
		03FBA2EE19A4F8110014DE22 /* AppDelegate.m in Sources */ = {isa = PBXBuildFile; fileRef = 03FBA2ED19A4F8110014DE22 /* AppDelegate.m */; };
		03FBA2F119A4F8110014DE22 /* Main.storyboard in Resources */ = {isa = PBXBuildFile; fileRef = 03FBA2EF19A4F8110014DE22 /* Main.storyboard */; };
		03FBA2F419A4F8110014DE22 /* MainViewController.m in Sources */ = {isa = PBXBuildFile; fileRef = 03FBA2F319A4F8110014DE22 /* MainViewController.m */; };
		03FBA2F619A4F8120014DE22 /* Images.xcassets in Resources */ = {isa = PBXBuildFile; fileRef = 03FBA2F519A4F8120014DE22 /* Images.xcassets */; };
		03FBA2FD19A4F8160014DE22 /* XCTest.framework in Frameworks */ = {isa = PBXBuildFile; fileRef = 03FBA2FC19A4F8160014DE22 /* XCTest.framework */; };
		03FBA2FE19A4F8160014DE22 /* Foundation.framework in Frameworks */ = {isa = PBXBuildFile; fileRef = 03FBA2DD19A4F8100014DE22 /* Foundation.framework */; };
		03FBA2FF19A4F8160014DE22 /* UIKit.framework in Frameworks */ = {isa = PBXBuildFile; fileRef = 03FBA2E119A4F8100014DE22 /* UIKit.framework */; };
		03FBA30719A4F8160014DE22 /* InfoPlist.strings in Resources */ = {isa = PBXBuildFile; fileRef = 03FBA30519A4F8160014DE22 /* InfoPlist.strings */; };
		03FBA31519A4FDC70014DE22 /* BopplServer.m in Sources */ = {isa = PBXBuildFile; fileRef = 03FBA31419A4FDC70014DE22 /* BopplServer.m */; };
		03FBA31919A513A00014DE22 /* BasicHTTPAuthAccount.m in Sources */ = {isa = PBXBuildFile; fileRef = 03FBA31819A513A00014DE22 /* BasicHTTPAuthAccount.m */; };
		03FBA31B19A521040014DE22 /* BasicHTTPAuthAccountTest.m in Sources */ = {isa = PBXBuildFile; fileRef = 03FBA31A19A521040014DE22 /* BasicHTTPAuthAccountTest.m */; };
		03FBA31D19A561260014DE22 /* BopplServerTest.m in Sources */ = {isa = PBXBuildFile; fileRef = 03FBA31C19A561260014DE22 /* BopplServerTest.m */; };
/* End PBXBuildFile section */

/* Begin PBXContainerItemProxy section */
		03FBA30019A4F8160014DE22 /* PBXContainerItemProxy */ = {
			isa = PBXContainerItemProxy;
			containerPortal = 03FBA2D219A4F80E0014DE22 /* Project object */;
			proxyType = 1;
			remoteGlobalIDString = 03FBA2D919A4F80E0014DE22;
			remoteInfo = BopplExample;
		};
/* End PBXContainerItemProxy section */

/* Begin PBXFileReference section */
		0302D22A19A6452E006BA95C /* LoginViewController.h */ = {isa = PBXFileReference; fileEncoding = 4; lastKnownFileType = sourcecode.c.h; path = LoginViewController.h; sourceTree = "<group>"; };
		0302D22B19A6452E006BA95C /* LoginViewController.m */ = {isa = PBXFileReference; fileEncoding = 4; lastKnownFileType = sourcecode.c.objc; path = LoginViewController.m; sourceTree = "<group>"; };
		033AFC0719A675DB00212011 /* ProductListViewController.h */ = {isa = PBXFileReference; fileEncoding = 4; lastKnownFileType = sourcecode.c.h; path = ProductListViewController.h; sourceTree = "<group>"; };
		033AFC0819A675DC00212011 /* ProductListViewController.m */ = {isa = PBXFileReference; fileEncoding = 4; lastKnownFileType = sourcecode.c.objc; path = ProductListViewController.m; sourceTree = "<group>"; };
		033AFC0A19A8185800212011 /* BopplProductModifier.h */ = {isa = PBXFileReference; fileEncoding = 4; lastKnownFileType = sourcecode.c.h; path = BopplProductModifier.h; sourceTree = "<group>"; };
		033AFC0B19A8185800212011 /* BopplProductModifier.m */ = {isa = PBXFileReference; fileEncoding = 4; lastKnownFileType = sourcecode.c.objc; path = BopplProductModifier.m; sourceTree = "<group>"; };
		033AFC0D19A8187800212011 /* BopplProductModifierCategory.h */ = {isa = PBXFileReference; fileEncoding = 4; lastKnownFileType = sourcecode.c.h; path = BopplProductModifierCategory.h; sourceTree = "<group>"; };
		033AFC0E19A8187800212011 /* BopplProductModifierCategory.m */ = {isa = PBXFileReference; fileEncoding = 4; lastKnownFileType = sourcecode.c.objc; path = BopplProductModifierCategory.m; sourceTree = "<group>"; };
		033AFC1019A818B300212011 /* BopplProduct.h */ = {isa = PBXFileReference; fileEncoding = 4; lastKnownFileType = sourcecode.c.h; path = BopplProduct.h; sourceTree = "<group>"; };
		033AFC1119A818B300212011 /* BopplProduct.m */ = {isa = PBXFileReference; fileEncoding = 4; lastKnownFileType = sourcecode.c.objc; path = BopplProduct.m; sourceTree = "<group>"; };
		033AFC1319A818C400212011 /* BopplProductCategory.h */ = {isa = PBXFileReference; fileEncoding = 4; lastKnownFileType = sourcecode.c.h; path = BopplProductCategory.h; sourceTree = "<group>"; };
		033AFC1419A818C400212011 /* BopplProductCategory.m */ = {isa = PBXFileReference; fileEncoding = 4; lastKnownFileType = sourcecode.c.objc; path = BopplProductCategory.m; sourceTree = "<group>"; };
		033AFC1619A818D100212011 /* BopplProductGroup.h */ = {isa = PBXFileReference; fileEncoding = 4; lastKnownFileType = sourcecode.c.h; path = BopplProductGroup.h; sourceTree = "<group>"; };
		033AFC1719A818D100212011 /* BopplProductGroup.m */ = {isa = PBXFileReference; fileEncoding = 4; lastKnownFileType = sourcecode.c.objc; path = BopplProductGroup.m; sourceTree = "<group>"; };
		033AFC1919A81A2900212011 /* init_macros.h */ = {isa = PBXFileReference; lastKnownFileType = sourcecode.c.h; path = init_macros.h; sourceTree = "<group>"; };
		033AFC1A19A8AB0300212011 /* WebImageDownloader.h */ = {isa = PBXFileReference; fileEncoding = 4; lastKnownFileType = sourcecode.c.h; path = WebImageDownloader.h; sourceTree = "<group>"; };
		033AFC1B19A8AB0300212011 /* WebImageDownloader.m */ = {isa = PBXFileReference; fileEncoding = 4; lastKnownFileType = sourcecode.c.objc; path = WebImageDownloader.m; sourceTree = "<group>"; };
		033AFC1D19A8AB1F00212011 /* WebImageDownloaderTest.m */ = {isa = PBXFileReference; fileEncoding = 4; lastKnownFileType = sourcecode.c.objc; path = WebImageDownloaderTest.m; sourceTree = "<group>"; };
		033AFC1F19A8C6C700212011 /* BopplJSONObjects.h */ = {isa = PBXFileReference; lastKnownFileType = sourcecode.c.h; path = BopplJSONObjects.h; sourceTree = "<group>"; };
		033AFC2319A9611700212011 /* BopplProductViewCell.h */ = {isa = PBXFileReference; fileEncoding = 4; lastKnownFileType = sourcecode.c.h; path = BopplProductViewCell.h; sourceTree = "<group>"; };
		033AFC2419A9611700212011 /* BopplProductViewCell.m */ = {isa = PBXFileReference; fileEncoding = 4; lastKnownFileType = sourcecode.c.objc; path = BopplProductViewCell.m; sourceTree = "<group>"; };
		03EB808219A977F70054B9EA /* BopplProductCategoryHeaderView.h */ = {isa = PBXFileReference; fileEncoding = 4; lastKnownFileType = sourcecode.c.h; path = BopplProductCategoryHeaderView.h; sourceTree = "<group>"; };
		03EB808319A977F70054B9EA /* BopplProductCategoryHeaderView.m */ = {isa = PBXFileReference; fileEncoding = 4; lastKnownFileType = sourcecode.c.objc; path = BopplProductCategoryHeaderView.m; sourceTree = "<group>"; };
		03FBA2DA19A4F80F0014DE22 /* BopplExample.app */ = {isa = PBXFileReference; explicitFileType = wrapper.application; includeInIndex = 0; path = BopplExample.app; sourceTree = BUILT_PRODUCTS_DIR; };
		03FBA2DD19A4F8100014DE22 /* Foundation.framework */ = {isa = PBXFileReference; lastKnownFileType = wrapper.framework; name = Foundation.framework; path = System/Library/Frameworks/Foundation.framework; sourceTree = SDKROOT; };
		03FBA2DF19A4F8100014DE22 /* CoreGraphics.framework */ = {isa = PBXFileReference; lastKnownFileType = wrapper.framework; name = CoreGraphics.framework; path = System/Library/Frameworks/CoreGraphics.framework; sourceTree = SDKROOT; };
		03FBA2E119A4F8100014DE22 /* UIKit.framework */ = {isa = PBXFileReference; lastKnownFileType = wrapper.framework; name = UIKit.framework; path = System/Library/Frameworks/UIKit.framework; sourceTree = SDKROOT; };
		03FBA2E519A4F8110014DE22 /* BopplExample-Info.plist */ = {isa = PBXFileReference; lastKnownFileType = text.plist.xml; path = "BopplExample-Info.plist"; sourceTree = "<group>"; };
		03FBA2E719A4F8110014DE22 /* en */ = {isa = PBXFileReference; lastKnownFileType = text.plist.strings; name = en; path = en.lproj/InfoPlist.strings; sourceTree = "<group>"; };
		03FBA2E919A4F8110014DE22 /* main.m */ = {isa = PBXFileReference; lastKnownFileType = sourcecode.c.objc; path = main.m; sourceTree = "<group>"; };
		03FBA2EB19A4F8110014DE22 /* BopplExample-Prefix.pch */ = {isa = PBXFileReference; lastKnownFileType = sourcecode.c.h; path = "BopplExample-Prefix.pch"; sourceTree = "<group>"; };
		03FBA2EC19A4F8110014DE22 /* AppDelegate.h */ = {isa = PBXFileReference; lastKnownFileType = sourcecode.c.h; path = AppDelegate.h; sourceTree = "<group>"; };
		03FBA2ED19A4F8110014DE22 /* AppDelegate.m */ = {isa = PBXFileReference; lastKnownFileType = sourcecode.c.objc; path = AppDelegate.m; sourceTree = "<group>"; };
		03FBA2F019A4F8110014DE22 /* Base */ = {isa = PBXFileReference; lastKnownFileType = file.storyboard; name = Base; path = Base.lproj/Main.storyboard; sourceTree = "<group>"; };
		03FBA2F219A4F8110014DE22 /* MainViewController.h */ = {isa = PBXFileReference; lastKnownFileType = sourcecode.c.h; path = MainViewController.h; sourceTree = "<group>"; };
		03FBA2F319A4F8110014DE22 /* MainViewController.m */ = {isa = PBXFileReference; lastKnownFileType = sourcecode.c.objc; path = MainViewController.m; sourceTree = "<group>"; };
		03FBA2F519A4F8120014DE22 /* Images.xcassets */ = {isa = PBXFileReference; lastKnownFileType = folder.assetcatalog; path = Images.xcassets; sourceTree = "<group>"; };
		03FBA2FB19A4F8160014DE22 /* BopplExampleTests.xctest */ = {isa = PBXFileReference; explicitFileType = wrapper.cfbundle; includeInIndex = 0; path = BopplExampleTests.xctest; sourceTree = BUILT_PRODUCTS_DIR; };
		03FBA2FC19A4F8160014DE22 /* XCTest.framework */ = {isa = PBXFileReference; lastKnownFileType = wrapper.framework; name = XCTest.framework; path = Library/Frameworks/XCTest.framework; sourceTree = DEVELOPER_DIR; };
		03FBA30419A4F8160014DE22 /* BopplExampleTests-Info.plist */ = {isa = PBXFileReference; lastKnownFileType = text.plist.xml; path = "BopplExampleTests-Info.plist"; sourceTree = "<group>"; };
		03FBA30619A4F8160014DE22 /* en */ = {isa = PBXFileReference; lastKnownFileType = text.plist.strings; name = en; path = en.lproj/InfoPlist.strings; sourceTree = "<group>"; };
		03FBA31319A4FDC70014DE22 /* BopplServer.h */ = {isa = PBXFileReference; fileEncoding = 4; lastKnownFileType = sourcecode.c.h; path = BopplServer.h; sourceTree = "<group>"; };
		03FBA31419A4FDC70014DE22 /* BopplServer.m */ = {isa = PBXFileReference; fileEncoding = 4; lastKnownFileType = sourcecode.c.objc; path = BopplServer.m; sourceTree = "<group>"; };
		03FBA31719A5139F0014DE22 /* BasicHTTPAuthAccount.h */ = {isa = PBXFileReference; fileEncoding = 4; lastKnownFileType = sourcecode.c.h; path = BasicHTTPAuthAccount.h; sourceTree = "<group>"; };
		03FBA31819A513A00014DE22 /* BasicHTTPAuthAccount.m */ = {isa = PBXFileReference; fileEncoding = 4; lastKnownFileType = sourcecode.c.objc; path = BasicHTTPAuthAccount.m; sourceTree = "<group>"; };
		03FBA31A19A521040014DE22 /* BasicHTTPAuthAccountTest.m */ = {isa = PBXFileReference; fileEncoding = 4; lastKnownFileType = sourcecode.c.objc; path = BasicHTTPAuthAccountTest.m; sourceTree = "<group>"; };
		03FBA31C19A561260014DE22 /* BopplServerTest.m */ = {isa = PBXFileReference; fileEncoding = 4; lastKnownFileType = sourcecode.c.objc; path = BopplServerTest.m; sourceTree = "<group>"; };
/* End PBXFileReference section */

/* Begin PBXFrameworksBuildPhase section */
		03FBA2D719A4F80E0014DE22 /* Frameworks */ = {
			isa = PBXFrameworksBuildPhase;
			buildActionMask = 2147483647;
			files = (
				03FBA2E019A4F8100014DE22 /* CoreGraphics.framework in Frameworks */,
				03FBA2E219A4F8100014DE22 /* UIKit.framework in Frameworks */,
				03FBA2DE19A4F8100014DE22 /* Foundation.framework in Frameworks */,
			);
			runOnlyForDeploymentPostprocessing = 0;
		};
		03FBA2F819A4F8160014DE22 /* Frameworks */ = {
			isa = PBXFrameworksBuildPhase;
			buildActionMask = 2147483647;
			files = (
				03FBA2FD19A4F8160014DE22 /* XCTest.framework in Frameworks */,
				03FBA2FF19A4F8160014DE22 /* UIKit.framework in Frameworks */,
				03FBA2FE19A4F8160014DE22 /* Foundation.framework in Frameworks */,
			);
			runOnlyForDeploymentPostprocessing = 0;
		};
/* End PBXFrameworksBuildPhase section */

/* Begin PBXGroup section */
		033AFC2019A8C93F00212011 /* JSON Objects */ = {
			isa = PBXGroup;
			children = (
				033AFC1F19A8C6C700212011 /* BopplJSONObjects.h */,
				033AFC1619A818D100212011 /* BopplProductGroup.h */,
				033AFC1719A818D100212011 /* BopplProductGroup.m */,
				033AFC1319A818C400212011 /* BopplProductCategory.h */,
				033AFC1419A818C400212011 /* BopplProductCategory.m */,
				033AFC0A19A8185800212011 /* BopplProductModifier.h */,
				033AFC0B19A8185800212011 /* BopplProductModifier.m */,
				033AFC0D19A8187800212011 /* BopplProductModifierCategory.h */,
				033AFC0E19A8187800212011 /* BopplProductModifierCategory.m */,
				033AFC1019A818B300212011 /* BopplProduct.h */,
				033AFC1119A818B300212011 /* BopplProduct.m */,
			);
			name = "JSON Objects";
			sourceTree = "<group>";
		};
		033AFC2119A8CC1800212011 /* Web Service Utilities */ = {
			isa = PBXGroup;
			children = (
				03FBA31719A5139F0014DE22 /* BasicHTTPAuthAccount.h */,
				03FBA31819A513A00014DE22 /* BasicHTTPAuthAccount.m */,
				033AFC1A19A8AB0300212011 /* WebImageDownloader.h */,
				033AFC1B19A8AB0300212011 /* WebImageDownloader.m */,
			);
			name = "Web Service Utilities";
			sourceTree = "<group>";
		};
		033AFC2219A8E5DF00212011 /* Web Service Utilities Tests */ = {
			isa = PBXGroup;
			children = (
				03FBA31A19A521040014DE22 /* BasicHTTPAuthAccountTest.m */,
				033AFC1D19A8AB1F00212011 /* WebImageDownloaderTest.m */,
			);
			name = "Web Service Utilities Tests";
			sourceTree = "<group>";
		};
		03FBA2D119A4F80D0014DE22 = {
			isa = PBXGroup;
			children = (
				03FBA2E319A4F8100014DE22 /* BopplExample */,
				03FBA30219A4F8160014DE22 /* BopplExampleTests */,
				03FBA2DC19A4F80F0014DE22 /* Frameworks */,
				03FBA2DB19A4F80F0014DE22 /* Products */,
			);
			sourceTree = "<group>";
		};
		03FBA2DB19A4F80F0014DE22 /* Products */ = {
			isa = PBXGroup;
			children = (
				03FBA2DA19A4F80F0014DE22 /* BopplExample.app */,
				03FBA2FB19A4F8160014DE22 /* BopplExampleTests.xctest */,
			);
			name = Products;
			sourceTree = "<group>";
		};
		03FBA2DC19A4F80F0014DE22 /* Frameworks */ = {
			isa = PBXGroup;
			children = (
				03FBA2DD19A4F8100014DE22 /* Foundation.framework */,
				03FBA2DF19A4F8100014DE22 /* CoreGraphics.framework */,
				03FBA2E119A4F8100014DE22 /* UIKit.framework */,
				03FBA2FC19A4F8160014DE22 /* XCTest.framework */,
			);
			name = Frameworks;
			sourceTree = "<group>";
		};
		03FBA2E319A4F8100014DE22 /* BopplExample */ = {
			isa = PBXGroup;
			children = (
				03FBA2EC19A4F8110014DE22 /* AppDelegate.h */,
				03FBA2ED19A4F8110014DE22 /* AppDelegate.m */,
				03FBA2EF19A4F8110014DE22 /* Main.storyboard */,
				03FBA31619A4FDD00014DE22 /* Model */,
				03FBA31219A4FCE50014DE22 /* Controller */,
				03FBA2F519A4F8120014DE22 /* Images.xcassets */,
				03FBA2E419A4F8110014DE22 /* Supporting Files */,
			);
			path = BopplExample;
			sourceTree = "<group>";
		};
		03FBA2E419A4F8110014DE22 /* Supporting Files */ = {
			isa = PBXGroup;
			children = (
				03FBA2E519A4F8110014DE22 /* BopplExample-Info.plist */,
				03FBA2E619A4F8110014DE22 /* InfoPlist.strings */,
				03FBA2E919A4F8110014DE22 /* main.m */,
				03FBA2EB19A4F8110014DE22 /* BopplExample-Prefix.pch */,
				033AFC1919A81A2900212011 /* init_macros.h */,
			);
			name = "Supporting Files";
			sourceTree = "<group>";
		};
		03FBA30219A4F8160014DE22 /* BopplExampleTests */ = {
			isa = PBXGroup;
			children = (
				033AFC2219A8E5DF00212011 /* Web Service Utilities Tests */,
				03FBA31C19A561260014DE22 /* BopplServerTest.m */,
				03FBA30319A4F8160014DE22 /* Supporting Files */,
			);
			path = BopplExampleTests;
			sourceTree = "<group>";
		};
		03FBA30319A4F8160014DE22 /* Supporting Files */ = {
			isa = PBXGroup;
			children = (
				03FBA30419A4F8160014DE22 /* BopplExampleTests-Info.plist */,
				03FBA30519A4F8160014DE22 /* InfoPlist.strings */,
			);
			name = "Supporting Files";
			sourceTree = "<group>";
		};
		03FBA31219A4FCE50014DE22 /* Controller */ = {
			isa = PBXGroup;
			children = (
				03FBA2F219A4F8110014DE22 /* MainViewController.h */,
				03FBA2F319A4F8110014DE22 /* MainViewController.m */,
				0302D22A19A6452E006BA95C /* LoginViewController.h */,
				0302D22B19A6452E006BA95C /* LoginViewController.m */,
				033AFC0719A675DB00212011 /* ProductListViewController.h */,
				033AFC0819A675DC00212011 /* ProductListViewController.m */,
				033AFC2319A9611700212011 /* BopplProductViewCell.h */,
				033AFC2419A9611700212011 /* BopplProductViewCell.m */,
				03EB808219A977F70054B9EA /* BopplProductCategoryHeaderView.h */,
				03EB808319A977F70054B9EA /* BopplProductCategoryHeaderView.m */,
			);
			name = Controller;
			sourceTree = "<group>";
		};
		03FBA31619A4FDD00014DE22 /* Model */ = {
			isa = PBXGroup;
			children = (
				033AFC2119A8CC1800212011 /* Web Service Utilities */,
				033AFC2019A8C93F00212011 /* JSON Objects */,
				03FBA31319A4FDC70014DE22 /* BopplServer.h */,
				03FBA31419A4FDC70014DE22 /* BopplServer.m */,
			);
			name = Model;
			sourceTree = "<group>";
		};
/* End PBXGroup section */

/* Begin PBXNativeTarget section */
		03FBA2D919A4F80E0014DE22 /* BopplExample */ = {
			isa = PBXNativeTarget;
			buildConfigurationList = 03FBA30C19A4F8160014DE22 /* Build configuration list for PBXNativeTarget "BopplExample" */;
			buildPhases = (
				03FBA2D619A4F80E0014DE22 /* Sources */,
				03FBA2D719A4F80E0014DE22 /* Frameworks */,
				03FBA2D819A4F80E0014DE22 /* Resources */,
			);
			buildRules = (
			);
			dependencies = (
			);
			name = BopplExample;
			productName = BopplExample;
			productReference = 03FBA2DA19A4F80F0014DE22 /* BopplExample.app */;
			productType = "com.apple.product-type.application";
		};
		03FBA2FA19A4F8160014DE22 /* BopplExampleTests */ = {
			isa = PBXNativeTarget;
			buildConfigurationList = 03FBA30F19A4F8160014DE22 /* Build configuration list for PBXNativeTarget "BopplExampleTests" */;
			buildPhases = (
				03FBA2F719A4F8160014DE22 /* Sources */,
				03FBA2F819A4F8160014DE22 /* Frameworks */,
				03FBA2F919A4F8160014DE22 /* Resources */,
			);
			buildRules = (
			);
			dependencies = (
				03FBA30119A4F8160014DE22 /* PBXTargetDependency */,
			);
			name = BopplExampleTests;
			productName = BopplExampleTests;
			productReference = 03FBA2FB19A4F8160014DE22 /* BopplExampleTests.xctest */;
			productType = "com.apple.product-type.bundle.unit-test";
		};
/* End PBXNativeTarget section */

/* Begin PBXProject section */
		03FBA2D219A4F80E0014DE22 /* Project object */ = {
			isa = PBXProject;
			attributes = {
				LastUpgradeCheck = 0510;
				ORGANIZATIONNAME = "Davide De Franceschi";
				TargetAttributes = {
					03FBA2FA19A4F8160014DE22 = {
						TestTargetID = 03FBA2D919A4F80E0014DE22;
					};
				};
			};
			buildConfigurationList = 03FBA2D519A4F80E0014DE22 /* Build configuration list for PBXProject "BopplExample" */;
			compatibilityVersion = "Xcode 3.2";
			developmentRegion = English;
			hasScannedForEncodings = 0;
			knownRegions = (
				en,
				Base,
			);
			mainGroup = 03FBA2D119A4F80D0014DE22;
			productRefGroup = 03FBA2DB19A4F80F0014DE22 /* Products */;
			projectDirPath = "";
			projectRoot = "";
			targets = (
				03FBA2D919A4F80E0014DE22 /* BopplExample */,
				03FBA2FA19A4F8160014DE22 /* BopplExampleTests */,
			);
		};
/* End PBXProject section */

/* Begin PBXResourcesBuildPhase section */
		03FBA2D819A4F80E0014DE22 /* Resources */ = {
			isa = PBXResourcesBuildPhase;
			buildActionMask = 2147483647;
			files = (
				03FBA2F619A4F8120014DE22 /* Images.xcassets in Resources */,
				03FBA2E819A4F8110014DE22 /* InfoPlist.strings in Resources */,
				03FBA2F119A4F8110014DE22 /* Main.storyboard in Resources */,
			);
			runOnlyForDeploymentPostprocessing = 0;
		};
		03FBA2F919A4F8160014DE22 /* Resources */ = {
			isa = PBXResourcesBuildPhase;
			buildActionMask = 2147483647;
			files = (
				03FBA30719A4F8160014DE22 /* InfoPlist.strings in Resources */,
			);
			runOnlyForDeploymentPostprocessing = 0;
		};
/* End PBXResourcesBuildPhase section */

/* Begin PBXSourcesBuildPhase section */
		03FBA2D619A4F80E0014DE22 /* Sources */ = {
			isa = PBXSourcesBuildPhase;
			buildActionMask = 2147483647;
			files = (
				033AFC1519A818C400212011 /* BopplProductCategory.m in Sources */,
				03FBA31519A4FDC70014DE22 /* BopplServer.m in Sources */,
				033AFC1C19A8AB0300212011 /* WebImageDownloader.m in Sources */,
				033AFC0919A675DC00212011 /* ProductListViewController.m in Sources */,
				03FBA2F419A4F8110014DE22 /* MainViewController.m in Sources */,
				03EB808419A977F70054B9EA /* BopplProductCategoryHeaderView.m in Sources */,
				033AFC0F19A8187800212011 /* BopplProductModifierCategory.m in Sources */,
				0302D22C19A6452E006BA95C /* LoginViewController.m in Sources */,
				033AFC1219A818B300212011 /* BopplProduct.m in Sources */,
				033AFC2519A9611700212011 /* BopplProductViewCell.m in Sources */,
				03FBA2EE19A4F8110014DE22 /* AppDelegate.m in Sources */,
				03FBA2EA19A4F8110014DE22 /* main.m in Sources */,
				033AFC1819A818D100212011 /* BopplProductGroup.m in Sources */,
				033AFC0C19A8185800212011 /* BopplProductModifier.m in Sources */,
				03FBA31919A513A00014DE22 /* BasicHTTPAuthAccount.m in Sources */,
			);
			runOnlyForDeploymentPostprocessing = 0;
		};
		03FBA2F719A4F8160014DE22 /* Sources */ = {
			isa = PBXSourcesBuildPhase;
			buildActionMask = 2147483647;
			files = (
				03FBA31D19A561260014DE22 /* BopplServerTest.m in Sources */,
				03FBA31B19A521040014DE22 /* BasicHTTPAuthAccountTest.m in Sources */,
				033AFC1E19A8AB1F00212011 /* WebImageDownloaderTest.m in Sources */,
			);
			runOnlyForDeploymentPostprocessing = 0;
		};
/* End PBXSourcesBuildPhase section */

/* Begin PBXTargetDependency section */
		03FBA30119A4F8160014DE22 /* PBXTargetDependency */ = {
			isa = PBXTargetDependency;
			target = 03FBA2D919A4F80E0014DE22 /* BopplExample */;
			targetProxy = 03FBA30019A4F8160014DE22 /* PBXContainerItemProxy */;
		};
/* End PBXTargetDependency section */

/* Begin PBXVariantGroup section */
		03FBA2E619A4F8110014DE22 /* InfoPlist.strings */ = {
			isa = PBXVariantGroup;
			children = (
				03FBA2E719A4F8110014DE22 /* en */,
			);
			name = InfoPlist.strings;
			sourceTree = "<group>";
		};
		03FBA2EF19A4F8110014DE22 /* Main.storyboard */ = {
			isa = PBXVariantGroup;
			children = (
				03FBA2F019A4F8110014DE22 /* Base */,
			);
			name = Main.storyboard;
			sourceTree = "<group>";
		};
		03FBA30519A4F8160014DE22 /* InfoPlist.strings */ = {
			isa = PBXVariantGroup;
			children = (
				03FBA30619A4F8160014DE22 /* en */,
			);
			name = InfoPlist.strings;
			sourceTree = "<group>";
		};
/* End PBXVariantGroup section */

/* Begin XCBuildConfiguration section */
		03FBA30A19A4F8160014DE22 /* Debug */ = {
			isa = XCBuildConfiguration;
			buildSettings = {
				ALWAYS_SEARCH_USER_PATHS = NO;
				CLANG_CXX_LANGUAGE_STANDARD = "gnu++0x";
				CLANG_CXX_LIBRARY = "libc++";
				CLANG_ENABLE_MODULES = YES;
				CLANG_ENABLE_OBJC_ARC = YES;
				CLANG_WARN_BOOL_CONVERSION = YES;
				CLANG_WARN_CONSTANT_CONVERSION = YES;
				CLANG_WARN_DIRECT_OBJC_ISA_USAGE = YES_ERROR;
				CLANG_WARN_EMPTY_BODY = YES;
				CLANG_WARN_ENUM_CONVERSION = YES;
				CLANG_WARN_INT_CONVERSION = YES;
				CLANG_WARN_OBJC_ROOT_CLASS = YES_ERROR;
				CLANG_WARN__DUPLICATE_METHOD_MATCH = YES;
				"CODE_SIGN_IDENTITY[sdk=iphoneos*]" = "iPhone Developer";
				COPY_PHASE_STRIP = NO;
				GCC_C_LANGUAGE_STANDARD = gnu99;
				GCC_DYNAMIC_NO_PIC = NO;
				GCC_OPTIMIZATION_LEVEL = 0;
				GCC_PREPROCESSOR_DEFINITIONS = (
					"DEBUG=1",
					"$(inherited)",
				);
				GCC_SYMBOLS_PRIVATE_EXTERN = NO;
				GCC_WARN_64_TO_32_BIT_CONVERSION = YES;
				GCC_WARN_ABOUT_RETURN_TYPE = YES_ERROR;
				GCC_WARN_UNDECLARED_SELECTOR = YES;
				GCC_WARN_UNINITIALIZED_AUTOS = YES_AGGRESSIVE;
				GCC_WARN_UNUSED_FUNCTION = YES;
				GCC_WARN_UNUSED_VARIABLE = YES;
				IPHONEOS_DEPLOYMENT_TARGET = 7.1;
				ONLY_ACTIVE_ARCH = YES;
				SDKROOT = iphoneos;
			};
			name = Debug;
		};
		03FBA30B19A4F8160014DE22 /* Release */ = {
			isa = XCBuildConfiguration;
			buildSettings = {
				ALWAYS_SEARCH_USER_PATHS = NO;
				CLANG_CXX_LANGUAGE_STANDARD = "gnu++0x";
				CLANG_CXX_LIBRARY = "libc++";
				CLANG_ENABLE_MODULES = YES;
				CLANG_ENABLE_OBJC_ARC = YES;
				CLANG_WARN_BOOL_CONVERSION = YES;
				CLANG_WARN_CONSTANT_CONVERSION = YES;
				CLANG_WARN_DIRECT_OBJC_ISA_USAGE = YES_ERROR;
				CLANG_WARN_EMPTY_BODY = YES;
				CLANG_WARN_ENUM_CONVERSION = YES;
				CLANG_WARN_INT_CONVERSION = YES;
				CLANG_WARN_OBJC_ROOT_CLASS = YES_ERROR;
				CLANG_WARN__DUPLICATE_METHOD_MATCH = YES;
				"CODE_SIGN_IDENTITY[sdk=iphoneos*]" = "iPhone Developer";
				COPY_PHASE_STRIP = YES;
				ENABLE_NS_ASSERTIONS = NO;
				GCC_C_LANGUAGE_STANDARD = gnu99;
				GCC_WARN_64_TO_32_BIT_CONVERSION = YES;
				GCC_WARN_ABOUT_RETURN_TYPE = YES_ERROR;
				GCC_WARN_UNDECLARED_SELECTOR = YES;
				GCC_WARN_UNINITIALIZED_AUTOS = YES_AGGRESSIVE;
				GCC_WARN_UNUSED_FUNCTION = YES;
				GCC_WARN_UNUSED_VARIABLE = YES;
				IPHONEOS_DEPLOYMENT_TARGET = 7.1;
				SDKROOT = iphoneos;
				VALIDATE_PRODUCT = YES;
			};
			name = Release;
		};
		03FBA30D19A4F8160014DE22 /* Debug */ = {
			isa = XCBuildConfiguration;
			buildSettings = {
				ASSETCATALOG_COMPILER_APPICON_NAME = AppIcon;
				ASSETCATALOG_COMPILER_LAUNCHIMAGE_NAME = LaunchImage;
				GCC_PRECOMPILE_PREFIX_HEADER = YES;
				GCC_PREFIX_HEADER = "BopplExample/BopplExample-Prefix.pch";
				INFOPLIST_FILE = "BopplExample/BopplExample-Info.plist";
				PRODUCT_NAME = "$(TARGET_NAME)";
				WRAPPER_EXTENSION = app;
			};
			name = Debug;
		};
		03FBA30E19A4F8160014DE22 /* Release */ = {
			isa = XCBuildConfiguration;
			buildSettings = {
				ASSETCATALOG_COMPILER_APPICON_NAME = AppIcon;
				ASSETCATALOG_COMPILER_LAUNCHIMAGE_NAME = LaunchImage;
				GCC_PRECOMPILE_PREFIX_HEADER = YES;
				GCC_PREFIX_HEADER = "BopplExample/BopplExample-Prefix.pch";
				INFOPLIST_FILE = "BopplExample/BopplExample-Info.plist";
				PRODUCT_NAME = "$(TARGET_NAME)";
				WRAPPER_EXTENSION = app;
			};
			name = Release;
		};
		03FBA31019A4F8160014DE22 /* Debug */ = {
			isa = XCBuildConfiguration;
			buildSettings = {
				BUNDLE_LOADER = "$(BUILT_PRODUCTS_DIR)/BopplExample.app/BopplExample";
				FRAMEWORK_SEARCH_PATHS = (
					"$(SDKROOT)/Developer/Library/Frameworks",
					"$(inherited)",
					"$(DEVELOPER_FRAMEWORKS_DIR)",
				);
				GCC_PRECOMPILE_PREFIX_HEADER = YES;
				GCC_PREFIX_HEADER = "BopplExample/BopplExample-Prefix.pch";
				GCC_PREPROCESSOR_DEFINITIONS = (
					"DEBUG=1",
					"$(inherited)",
				);
				INFOPLIST_FILE = "BopplExampleTests/BopplExampleTests-Info.plist";
				PRODUCT_NAME = "$(TARGET_NAME)";
				TEST_HOST = "$(BUNDLE_LOADER)";
				WRAPPER_EXTENSION = xctest;
			};
			name = Debug;
		};
		03FBA31119A4F8160014DE22 /* Release */ = {
			isa = XCBuildConfiguration;
			buildSettings = {
				BUNDLE_LOADER = "$(BUILT_PRODUCTS_DIR)/BopplExample.app/BopplExample";
				FRAMEWORK_SEARCH_PATHS = (
					"$(SDKROOT)/Developer/Library/Frameworks",
					"$(inherited)",
					"$(DEVELOPER_FRAMEWORKS_DIR)",
				);
				GCC_PRECOMPILE_PREFIX_HEADER = YES;
				GCC_PREFIX_HEADER = "BopplExample/BopplExample-Prefix.pch";
				INFOPLIST_FILE = "BopplExampleTests/BopplExampleTests-Info.plist";
				PRODUCT_NAME = "$(TARGET_NAME)";
				TEST_HOST = "$(BUNDLE_LOADER)";
				WRAPPER_EXTENSION = xctest;
			};
			name = Release;
		};
/* End XCBuildConfiguration section */

/* Begin XCConfigurationList section */
		03FBA2D519A4F80E0014DE22 /* Build configuration list for PBXProject "BopplExample" */ = {
			isa = XCConfigurationList;
			buildConfigurations = (
				03FBA30A19A4F8160014DE22 /* Debug */,
				03FBA30B19A4F8160014DE22 /* Release */,
			);
			defaultConfigurationIsVisible = 0;
			defaultConfigurationName = Release;
		};
		03FBA30C19A4F8160014DE22 /* Build configuration list for PBXNativeTarget "BopplExample" */ = {
			isa = XCConfigurationList;
			buildConfigurations = (
				03FBA30D19A4F8160014DE22 /* Debug */,
				03FBA30E19A4F8160014DE22 /* Release */,
			);
			defaultConfigurationIsVisible = 0;
			defaultConfigurationName = Release;
		};
		03FBA30F19A4F8160014DE22 /* Build configuration list for PBXNativeTarget "BopplExampleTests" */ = {
			isa = XCConfigurationList;
			buildConfigurations = (
				03FBA31019A4F8160014DE22 /* Debug */,
				03FBA31119A4F8160014DE22 /* Release */,
			);
			defaultConfigurationIsVisible = 0;
			defaultConfigurationName = Release;
		};
/* End XCConfigurationList section */
	};
	rootObject = 03FBA2D219A4F80E0014DE22 /* Project object */;
}
